
Microsoft Visual Studio Solution File, Format Version 12.00
# Visual Studio Version 17
VisualStudioVersion = 17.7.34202.233
MinimumVisualStudioVersion = 10.0.40219.1
Project("{9A19103F-16F7-4668-BE54-9A1E7A4F7556}") = "BlazorDbTable", "BlazorDbTable\BlazorDbTable.csproj", "{0514CF78-9BA8-4E4B-8597-20BEDC889352}"
EndProject
Project("{9A19103F-16F7-4668-BE54-9A1E7A4F7556}") = "BlazorTestClasses", "BlazorTestClasses\BlazorTestClasses.csproj", "{FAAEECF9-46A6-452F-B5A1-49E6A1B92FA6}"
EndProject
Project("{9A19103F-16F7-4668-BE54-9A1E7A4F7556}") = "BlazorTestBL", "BlazorTestBL\BlazorTestBL.csproj", "{1FC832AF-CA84-4072-9B62-2191BC882CD6}"
EndProject
Project("{9A19103F-16F7-4668-BE54-9A1E7A4F7556}") = "BlazorTestDal", "BlazorTestDal\BlazorTestDal.csproj", "{1C78F8C2-9D7F-4BF8-A87D-BB03757CD5BF}"
EndProject
Project("{9A19103F-16F7-4668-BE54-9A1E7A4F7556}") = "BlazorTestEmailTemplates", "BlazorTestEmailTemplates\BlazorTestEmailTemplates.csproj", "{642206CF-6409-4A8A-AC82-58FA57BA6BB6}"
EndProject
Global
	GlobalSection(SolutionConfigurationPlatforms) = preSolution
		Debug|Any CPU = Debug|Any CPU
		Release|Any CPU = Release|Any CPU
	EndGlobalSection
	GlobalSection(ProjectConfigurationPlatforms) = postSolution
		{0514CF78-9BA8-4E4B-8597-20BEDC889352}.Debug|Any CPU.ActiveCfg = Debug|Any CPU
		{0514CF78-9BA8-4E4B-8597-20BEDC889352}.Debug|Any CPU.Build.0 = Debug|Any CPU
		{0514CF78-9BA8-4E4B-8597-20BEDC889352}.Release|Any CPU.ActiveCfg = Release|Any CPU
		{0514CF78-9BA8-4E4B-8597-20BEDC889352}.Release|Any CPU.Build.0 = Release|Any CPU
		{FAAEECF9-46A6-452F-B5A1-49E6A1B92FA6}.Debug|Any CPU.ActiveCfg = Debug|Any CPU
		{FAAEECF9-46A6-452F-B5A1-49E6A1B92FA6}.Debug|Any CPU.Build.0 = Debug|Any CPU
		{FAAEECF9-46A6-452F-B5A1-49E6A1B92FA6}.Release|Any CPU.ActiveCfg = Release|Any CPU
		{FAAEECF9-46A6-452F-B5A1-49E6A1B92FA6}.Release|Any CPU.Build.0 = Release|Any CPU
		{1FC832AF-CA84-4072-9B62-2191BC882CD6}.Debug|Any CPU.ActiveCfg = Debug|Any CPU
		{1FC832AF-CA84-4072-9B62-2191BC882CD6}.Debug|Any CPU.Build.0 = Debug|Any CPU
		{1FC832AF-CA84-4072-9B62-2191BC882CD6}.Release|Any CPU.ActiveCfg = Release|Any CPU
		{1FC832AF-CA84-4072-9B62-2191BC882CD6}.Release|Any CPU.Build.0 = Release|Any CPU
		{1C78F8C2-9D7F-4BF8-A87D-BB03757CD5BF}.Debug|Any CPU.ActiveCfg = Debug|Any CPU
		{1C78F8C2-9D7F-4BF8-A87D-BB03757CD5BF}.Debug|Any CPU.Build.0 = Debug|Any CPU
		{1C78F8C2-9D7F-4BF8-A87D-BB03757CD5BF}.Release|Any CPU.ActiveCfg = Release|Any CPU
		{1C78F8C2-9D7F-4BF8-A87D-BB03757CD5BF}.Release|Any CPU.Build.0 = Release|Any CPU
		{642206CF-6409-4A8A-AC82-58FA57BA6BB6}.Debug|Any CPU.ActiveCfg = Debug|Any CPU
		{642206CF-6409-4A8A-AC82-58FA57BA6BB6}.Debug|Any CPU.Build.0 = Debug|Any CPU
		{642206CF-6409-4A8A-AC82-58FA57BA6BB6}.Release|Any CPU.ActiveCfg = Release|Any CPU
		{642206CF-6409-4A8A-AC82-58FA57BA6BB6}.Release|Any CPU.Build.0 = Release|Any CPU
	EndGlobalSection
	GlobalSection(SolutionProperties) = preSolution
		HideSolutionNode = FALSE
	EndGlobalSection
	GlobalSection(ExtensibilityGlobals) = postSolution
		SolutionGuid = {BB666B3F-F041-4CDF-86B4-0C12EB6CF61A}
	EndGlobalSection
EndGlobal
